
Microsoft Visual Studio Solution File, Format Version 12.00
# Visual Studio Version 16
VisualStudioVersion = 25.0.1706.0
MinimumVisualStudioVersion = 10.0.40219.1
Project("{FAE04EC0-301F-11D3-BF4B-00C04F79EFBC}") = "Udemy3", "Udemy3\Udemy3.csproj", "{F876DA17-8DEC-4A4B-8D9E-84D34D947A06}"
EndProject
Global
	GlobalSection(SolutionConfigurationPlatforms) = preSolution
		Debug|Any CPU = Debug|Any CPU
		Release|Any CPU = Release|Any CPU
	EndGlobalSection
	GlobalSection(ProjectConfigurationPlatforms) = postSolution
		{F876DA17-8DEC-4A4B-8D9E-84D34D947A06}.Debug|Any CPU.ActiveCfg = Debug|Any CPU
		{F876DA17-8DEC-4A4B-8D9E-84D34D947A06}.Debug|Any CPU.Build.0 = Debug|Any CPU
		{F876DA17-8DEC-4A4B-8D9E-84D34D947A06}.Release|Any CPU.ActiveCfg = Release|Any CPU
		{F876DA17-8DEC-4A4B-8D9E-84D34D947A06}.Release|Any CPU.Build.0 = Release|Any CPU
	EndGlobalSection
	GlobalSection(SolutionProperties) = preSolution
		HideSolutionNode = FALSE
	EndGlobalSection
	GlobalSection(ExtensibilityGlobals) = postSolution
		SolutionGuid = {96E64768-58D5-480D-BD0C-615BF848F4E3}
	EndGlobalSection
EndGlobal
